
Microsoft Visual Studio Solution File, Format Version 12.00
# Visual Studio Version 17
VisualStudioVersion = 17.11.35219.272
MinimumVisualStudioVersion = 10.0.40219.1
Project("{FAE04EC0-301F-11D3-BF4B-00C04F79EFBC}") = "KielApp", "KielApp.csproj", "{0E84B2A8-4785-4F5D-BC40-9B207C2F4F05}"
EndProject
Global
	GlobalSection(SolutionConfigurationPlatforms) = preSolution
		Debug|Any CPU = Debug|Any CPU
		Release|Any CPU = Release|Any CPU
	EndGlobalSection
	GlobalSection(ProjectConfigurationPlatforms) = postSolution
		{0E84B2A8-4785-4F5D-BC40-9B207C2F4F05}.Debug|Any CPU.ActiveCfg = Debug|Any CPU
		{0E84B2A8-4785-4F5D-BC40-9B207C2F4F05}.Debug|Any CPU.Build.0 = Debug|Any CPU
		{0E84B2A8-4785-4F5D-BC40-9B207C2F4F05}.Debug|Any CPU.Deploy.0 = Debug|Any CPU
		{0E84B2A8-4785-4F5D-BC40-9B207C2F4F05}.Release|Any CPU.ActiveCfg = Release|Any CPU
		{0E84B2A8-4785-4F5D-BC40-9B207C2F4F05}.Release|Any CPU.Build.0 = Release|Any CPU
		{0E84B2A8-4785-4F5D-BC40-9B207C2F4F05}.Release|Any CPU.Deploy.0 = Release|Any CPU
	EndGlobalSection
	GlobalSection(SolutionProperties) = preSolution
		HideSolutionNode = FALSE
	EndGlobalSection
	GlobalSection(ExtensibilityGlobals) = postSolution
		SolutionGuid = {E389B22B-E513-4FB1-BCDF-B6EF075D06D2}
	EndGlobalSection
EndGlobal
